
Microsoft Visual Studio Solution File, Format Version 12.00
Project("{2150E333-8FDC-42A3-9474-1A3956D46DE8}") = "OrderApi", "src\OrderApi", "{2737F935-4B2B-4C93-B536-89A7CA15BC4E}"
EndProject
Project("{FAE04EC0-301F-11D3-BF4B-00C04F79EFBC}") = "OrderApi.WebApi", "src\OrderApi\OrderApi.WebApi\OrderApi.WebApi.csproj", "{B5540092-8E54-4379-8EDB-6903A3002F65}"
EndProject
Project("{2150E333-8FDC-42A3-9474-1A3956D46DE8}") = "Presentation", "src\Presentation", "{E4C231F8-A558-446F-A359-2E4A6ED3B7C5}"
EndProject
Project("{2150E333-8FDC-42A3-9474-1A3956D46DE8}") = "Core", "src\Core", "{CD8EC95A-AC0F-4D5A-B808-B544C152F952}"
EndProject
Project("{FAE04EC0-301F-11D3-BF4B-00C04F79EFBC}") = "OrderApi.Application", "src\OrderApi\OrderApi.Application\OrderApi.Application.csproj", "{CF830447-7F62-4847-871E-A8EE5D7ACB84}"
EndProject
Project("{FAE04EC0-301F-11D3-BF4B-00C04F79EFBC}") = "OrderApi.Domain", "src\OrderApi\OrderApi.Domain\OrderApi.Domain.csproj", "{DB3AC778-3E7A-448F-9BE6-8A921C269021}"
EndProject
Project("{2150E333-8FDC-42A3-9474-1A3956D46DE8}") = "Infrastructure", "src\Infrastructure", "{7B508E3E-EEB2-4455-93C4-2475AA51E0B2}"
EndProject
Project("{FAE04EC0-301F-11D3-BF4B-00C04F79EFBC}") = "OrderApi.Persistence", "src\OrderApi\OrderApi.Persistence\OrderApi.Persistence.csproj", "{0D7CA0CC-0C7B-4EC9-9F15-67AF0409D643}"
EndProject
Project("{FAE04EC0-301F-11D3-BF4B-00C04F79EFBC}") = "OrderApi.Tests", "src\OrderApi\OrderApi.Tests\OrderApi.Tests.csproj", "{F90F220F-D662-4264-BA31-3B017E59F9FD}"
EndProject
Project("{2150E333-8FDC-42A3-9474-1A3956D46DE8}") = "Tests", "Tests", "{7AB068F6-AD31-4F43-A918-011B9504822E}"
EndProject
Global
	GlobalSection(SolutionConfigurationPlatforms) = preSolution
		Debug|Any CPU = Debug|Any CPU
		Release|Any CPU = Release|Any CPU
	EndGlobalSection
	GlobalSection(ProjectConfigurationPlatforms) = postSolution
		{B5540092-8E54-4379-8EDB-6903A3002F65}.Debug|Any CPU.ActiveCfg = Debug|Any CPU
		{B5540092-8E54-4379-8EDB-6903A3002F65}.Debug|Any CPU.Build.0 = Debug|Any CPU
		{B5540092-8E54-4379-8EDB-6903A3002F65}.Release|Any CPU.ActiveCfg = Release|Any CPU
		{B5540092-8E54-4379-8EDB-6903A3002F65}.Release|Any CPU.Build.0 = Release|Any CPU
		{CF830447-7F62-4847-871E-A8EE5D7ACB84}.Debug|Any CPU.ActiveCfg = Debug|Any CPU
		{CF830447-7F62-4847-871E-A8EE5D7ACB84}.Debug|Any CPU.Build.0 = Debug|Any CPU
		{CF830447-7F62-4847-871E-A8EE5D7ACB84}.Release|Any CPU.ActiveCfg = Release|Any CPU
		{CF830447-7F62-4847-871E-A8EE5D7ACB84}.Release|Any CPU.Build.0 = Release|Any CPU
		{DB3AC778-3E7A-448F-9BE6-8A921C269021}.Debug|Any CPU.ActiveCfg = Debug|Any CPU
		{DB3AC778-3E7A-448F-9BE6-8A921C269021}.Debug|Any CPU.Build.0 = Debug|Any CPU
		{DB3AC778-3E7A-448F-9BE6-8A921C269021}.Release|Any CPU.ActiveCfg = Release|Any CPU
		{DB3AC778-3E7A-448F-9BE6-8A921C269021}.Release|Any CPU.Build.0 = Release|Any CPU
		{0D7CA0CC-0C7B-4EC9-9F15-67AF0409D643}.Debug|Any CPU.ActiveCfg = Debug|Any CPU
		{0D7CA0CC-0C7B-4EC9-9F15-67AF0409D643}.Debug|Any CPU.Build.0 = Debug|Any CPU
		{0D7CA0CC-0C7B-4EC9-9F15-67AF0409D643}.Release|Any CPU.ActiveCfg = Release|Any CPU
		{0D7CA0CC-0C7B-4EC9-9F15-67AF0409D643}.Release|Any CPU.Build.0 = Release|Any CPU
		{F90F220F-D662-4264-BA31-3B017E59F9FD}.Debug|Any CPU.ActiveCfg = Debug|Any CPU
		{F90F220F-D662-4264-BA31-3B017E59F9FD}.Debug|Any CPU.Build.0 = Debug|Any CPU
		{F90F220F-D662-4264-BA31-3B017E59F9FD}.Release|Any CPU.ActiveCfg = Release|Any CPU
		{F90F220F-D662-4264-BA31-3B017E59F9FD}.Release|Any CPU.Build.0 = Release|Any CPU
	EndGlobalSection
	GlobalSection(NestedProjects) = preSolution
		{E4C231F8-A558-446F-A359-2E4A6ED3B7C5} = {2737F935-4B2B-4C93-B536-89A7CA15BC4E}
		{B5540092-8E54-4379-8EDB-6903A3002F65} = {E4C231F8-A558-446F-A359-2E4A6ED3B7C5}
		{CD8EC95A-AC0F-4D5A-B808-B544C152F952} = {2737F935-4B2B-4C93-B536-89A7CA15BC4E}
		{CF830447-7F62-4847-871E-A8EE5D7ACB84} = {CD8EC95A-AC0F-4D5A-B808-B544C152F952}
		{DB3AC778-3E7A-448F-9BE6-8A921C269021} = {CD8EC95A-AC0F-4D5A-B808-B544C152F952}
		{7B508E3E-EEB2-4455-93C4-2475AA51E0B2} = {2737F935-4B2B-4C93-B536-89A7CA15BC4E}
		{0D7CA0CC-0C7B-4EC9-9F15-67AF0409D643} = {7B508E3E-EEB2-4455-93C4-2475AA51E0B2}
		{7AB068F6-AD31-4F43-A918-011B9504822E} = {2737F935-4B2B-4C93-B536-89A7CA15BC4E}
		{F90F220F-D662-4264-BA31-3B017E59F9FD} = {7AB068F6-AD31-4F43-A918-011B9504822E}
	EndGlobalSection
EndGlobal
