
Microsoft Visual Studio Solution File, Format Version 12.00
Project("{2150E333-8FDC-42A3-9474-1A3956D46DE8}") = "OrderApi", "OrderApi", "{2737F935-4B2B-4C93-B536-89A7CA15BC4E}"
EndProject
Project("{FAE04EC0-301F-11D3-BF4B-00C04F79EFBC}") = "OrderApi.WebApi", "OrderApi\OrderApi.WebApi\OrderApi.WebApi.csproj", "{B5540092-8E54-4379-8EDB-6903A3002F65}"
EndProject
Project("{2150E333-8FDC-42A3-9474-1A3956D46DE8}") = "Presentation", "Presentation", "{E4C231F8-A558-446F-A359-2E4A6ED3B7C5}"
EndProject
Project("{2150E333-8FDC-42A3-9474-1A3956D46DE8}") = "Core", "Core", "{CD8EC95A-AC0F-4D5A-B808-B544C152F952}"
EndProject
Project("{FAE04EC0-301F-11D3-BF4B-00C04F79EFBC}") = "OrderApi.Application", "OrderApi\OrderApi.Application\OrderApi.Application.csproj", "{CF830447-7F62-4847-871E-A8EE5D7ACB84}"
EndProject
Global
	GlobalSection(SolutionConfigurationPlatforms) = preSolution
		Debug|Any CPU = Debug|Any CPU
		Release|Any CPU = Release|Any CPU
	EndGlobalSection
	GlobalSection(ProjectConfigurationPlatforms) = postSolution
		{B5540092-8E54-4379-8EDB-6903A3002F65}.Debug|Any CPU.ActiveCfg = Debug|Any CPU
		{B5540092-8E54-4379-8EDB-6903A3002F65}.Debug|Any CPU.Build.0 = Debug|Any CPU
		{B5540092-8E54-4379-8EDB-6903A3002F65}.Release|Any CPU.ActiveCfg = Release|Any CPU
		{B5540092-8E54-4379-8EDB-6903A3002F65}.Release|Any CPU.Build.0 = Release|Any CPU
		{CF830447-7F62-4847-871E-A8EE5D7ACB84}.Debug|Any CPU.ActiveCfg = Debug|Any CPU
		{CF830447-7F62-4847-871E-A8EE5D7ACB84}.Debug|Any CPU.Build.0 = Debug|Any CPU
		{CF830447-7F62-4847-871E-A8EE5D7ACB84}.Release|Any CPU.ActiveCfg = Release|Any CPU
		{CF830447-7F62-4847-871E-A8EE5D7ACB84}.Release|Any CPU.Build.0 = Release|Any CPU
	EndGlobalSection
	GlobalSection(NestedProjects) = preSolution
		{E4C231F8-A558-446F-A359-2E4A6ED3B7C5} = {2737F935-4B2B-4C93-B536-89A7CA15BC4E}
		{B5540092-8E54-4379-8EDB-6903A3002F65} = {E4C231F8-A558-446F-A359-2E4A6ED3B7C5}
		{CD8EC95A-AC0F-4D5A-B808-B544C152F952} = {2737F935-4B2B-4C93-B536-89A7CA15BC4E}
		{CF830447-7F62-4847-871E-A8EE5D7ACB84} = {CD8EC95A-AC0F-4D5A-B808-B544C152F952}
	EndGlobalSection
EndGlobal
